
Microsoft Visual Studio Solution File, Format Version 12.00
# Visual Studio Version 16
VisualStudioVersion = 16.0.33423.256
MinimumVisualStudioVersion = 10.0.40219.1
Project("{FAE04EC0-301F-11D3-BF4B-00C04F79EFBC}") = "Pxcbtoxn", "Pxcbtoxn\Pxcbtoxn.csproj", "{D4435536-0F5E-4916-B4AA-9354FDF30256}"
EndProject
Global
	GlobalSection(SolutionConfigurationPlatforms) = preSolution
		Debug|Any CPU = Debug|Any CPU
		Release|Any CPU = Release|Any CPU
	EndGlobalSection
	GlobalSection(ProjectConfigurationPlatforms) = postSolution
		{D4435536-0F5E-4916-B4AA-9354FDF30256}.Debug|Any CPU.ActiveCfg = Debug|Any CPU
		{D4435536-0F5E-4916-B4AA-9354FDF30256}.Debug|Any CPU.Build.0 = Debug|Any CPU
		{D4435536-0F5E-4916-B4AA-9354FDF30256}.Release|Any CPU.ActiveCfg = Release|Any CPU
		{D4435536-0F5E-4916-B4AA-9354FDF30256}.Release|Any CPU.Build.0 = Release|Any CPU
	EndGlobalSection
	GlobalSection(SolutionProperties) = preSolution
		HideSolutionNode = FALSE
	EndGlobalSection
	GlobalSection(ExtensibilityGlobals) = postSolution
		SolutionGuid = {A0181EBF-F614-4A5A-8D14-8A691F60EF0D}
	EndGlobalSection
EndGlobal
