
Microsoft Visual Studio Solution File, Format Version 12.00
# Visual Studio Version 16
VisualStudioVersion = 16.0.33423.256
MinimumVisualStudioVersion = 10.0.40219.1
Project("{FAE04EC0-301F-11D3-BF4B-00C04F79EFBC}") = "Pxcbtoxn", "Pxcbtoxn\Pxcbtoxn.csproj", "{D4435536-0F5E-4916-B4AA-9354FDF30256}"
EndProject
Project("{FAE04EC0-301F-11D3-BF4B-00C04F79EFBC}") = "Pxcqclxn", "Pxcqclxn_Cliente\Pxcqclxn.csproj", "{1465D2E1-A198-4FDF-9A4E-BDEE29D13A6C}"
	ProjectSection(ProjectDependencies) = postProject
		{D4435536-0F5E-4916-B4AA-9354FDF30256} = {D4435536-0F5E-4916-B4AA-9354FDF30256}
	EndProjectSection
EndProject
Project("{FAE04EC0-301F-11D3-BF4B-00C04F79EFBC}") = "Pxcsclxn", "Pxcsclxn_Cliente\Pxcsclxn.csproj", "{0D58CFB3-2186-4A3E-A1AF-B56CCB56FF9C}"
	ProjectSection(ProjectDependencies) = postProject
		{D4435536-0F5E-4916-B4AA-9354FDF30256} = {D4435536-0F5E-4916-B4AA-9354FDF30256}
		{1465D2E1-A198-4FDF-9A4E-BDEE29D13A6C} = {1465D2E1-A198-4FDF-9A4E-BDEE29D13A6C}
	EndProjectSection
EndProject
Project("{FAE04EC0-301F-11D3-BF4B-00C04F79EFBC}") = "Pxcwxn_MenuPrincipalTestes", "Pxcwxn_MenuPrincipalTestes\Pxcwxn_MenuPrincipalTestes.csproj", "{4FBDF091-DD7D-4548-9406-8A88360B8CB7}"
	ProjectSection(ProjectDependencies) = postProject
		{FD6D1C37-7CF8-4EA9-AD3A-3FE7840750E5} = {FD6D1C37-7CF8-4EA9-AD3A-3FE7840750E5}
	EndProjectSection
EndProject
Project("{FAE04EC0-301F-11D3-BF4B-00C04F79EFBC}") = "Pxcwclxn_Cliente.Tests", "Pxcwclxn_Cliente.Tests\Pxcwclxn_Cliente.Tests.csproj", "{FD6D1C37-7CF8-4EA9-AD3A-3FE7840750E5}"
EndProject
Project("{FAE04EC0-301F-11D3-BF4B-00C04F79EFBC}") = "Pxcqcoxn", "Pxcqcoxn_Conta\Pxcqcoxn.csproj", "{EE04B201-5D49-47C5-A9A6-5C4667ECC578}"
	ProjectSection(ProjectDependencies) = postProject
		{D4435536-0F5E-4916-B4AA-9354FDF30256} = {D4435536-0F5E-4916-B4AA-9354FDF30256}
	EndProjectSection
EndProject
Project("{FAE04EC0-301F-11D3-BF4B-00C04F79EFBC}") = "Pxcscoxn", "Pxcscoxn_Conta\Pxcscoxn.csproj", "{09BA14FA-1099-473C-929A-32D8D8194D60}"
	ProjectSection(ProjectDependencies) = postProject
		{EE04B201-5D49-47C5-A9A6-5C4667ECC578} = {EE04B201-5D49-47C5-A9A6-5C4667ECC578}
		{D4435536-0F5E-4916-B4AA-9354FDF30256} = {D4435536-0F5E-4916-B4AA-9354FDF30256}
	EndProjectSection
EndProject
Project("{FAE04EC0-301F-11D3-BF4B-00C04F79EFBC}") = "Pxcwcoxn_Conta.Tests", "Pxcwcoxn_Conta.Tests\Pxcwcoxn_Conta.Tests.csproj", "{29912B84-E308-4806-9B35-0110852DE352}"
EndProject
Global
	GlobalSection(SolutionConfigurationPlatforms) = preSolution
		Debug|Any CPU = Debug|Any CPU
		Release|Any CPU = Release|Any CPU
	EndGlobalSection
	GlobalSection(ProjectConfigurationPlatforms) = postSolution
		{D4435536-0F5E-4916-B4AA-9354FDF30256}.Debug|Any CPU.ActiveCfg = Debug|Any CPU
		{D4435536-0F5E-4916-B4AA-9354FDF30256}.Debug|Any CPU.Build.0 = Debug|Any CPU
		{D4435536-0F5E-4916-B4AA-9354FDF30256}.Release|Any CPU.ActiveCfg = Release|Any CPU
		{D4435536-0F5E-4916-B4AA-9354FDF30256}.Release|Any CPU.Build.0 = Release|Any CPU
		{1465D2E1-A198-4FDF-9A4E-BDEE29D13A6C}.Debug|Any CPU.ActiveCfg = Debug|Any CPU
		{1465D2E1-A198-4FDF-9A4E-BDEE29D13A6C}.Debug|Any CPU.Build.0 = Debug|Any CPU
		{1465D2E1-A198-4FDF-9A4E-BDEE29D13A6C}.Release|Any CPU.ActiveCfg = Release|Any CPU
		{1465D2E1-A198-4FDF-9A4E-BDEE29D13A6C}.Release|Any CPU.Build.0 = Release|Any CPU
		{0D58CFB3-2186-4A3E-A1AF-B56CCB56FF9C}.Debug|Any CPU.ActiveCfg = Debug|Any CPU
		{0D58CFB3-2186-4A3E-A1AF-B56CCB56FF9C}.Debug|Any CPU.Build.0 = Debug|Any CPU
		{0D58CFB3-2186-4A3E-A1AF-B56CCB56FF9C}.Release|Any CPU.ActiveCfg = Release|Any CPU
		{0D58CFB3-2186-4A3E-A1AF-B56CCB56FF9C}.Release|Any CPU.Build.0 = Release|Any CPU
		{4FBDF091-DD7D-4548-9406-8A88360B8CB7}.Debug|Any CPU.ActiveCfg = Debug|Any CPU
		{4FBDF091-DD7D-4548-9406-8A88360B8CB7}.Debug|Any CPU.Build.0 = Debug|Any CPU
		{4FBDF091-DD7D-4548-9406-8A88360B8CB7}.Release|Any CPU.ActiveCfg = Release|Any CPU
		{4FBDF091-DD7D-4548-9406-8A88360B8CB7}.Release|Any CPU.Build.0 = Release|Any CPU
		{FD6D1C37-7CF8-4EA9-AD3A-3FE7840750E5}.Debug|Any CPU.ActiveCfg = Debug|Any CPU
		{FD6D1C37-7CF8-4EA9-AD3A-3FE7840750E5}.Debug|Any CPU.Build.0 = Debug|Any CPU
		{FD6D1C37-7CF8-4EA9-AD3A-3FE7840750E5}.Release|Any CPU.ActiveCfg = Release|Any CPU
		{FD6D1C37-7CF8-4EA9-AD3A-3FE7840750E5}.Release|Any CPU.Build.0 = Release|Any CPU
		{EE04B201-5D49-47C5-A9A6-5C4667ECC578}.Debug|Any CPU.ActiveCfg = Debug|Any CPU
		{EE04B201-5D49-47C5-A9A6-5C4667ECC578}.Debug|Any CPU.Build.0 = Debug|Any CPU
		{EE04B201-5D49-47C5-A9A6-5C4667ECC578}.Release|Any CPU.ActiveCfg = Release|Any CPU
		{EE04B201-5D49-47C5-A9A6-5C4667ECC578}.Release|Any CPU.Build.0 = Release|Any CPU
		{09BA14FA-1099-473C-929A-32D8D8194D60}.Debug|Any CPU.ActiveCfg = Debug|Any CPU
		{09BA14FA-1099-473C-929A-32D8D8194D60}.Debug|Any CPU.Build.0 = Debug|Any CPU
		{09BA14FA-1099-473C-929A-32D8D8194D60}.Release|Any CPU.ActiveCfg = Release|Any CPU
		{09BA14FA-1099-473C-929A-32D8D8194D60}.Release|Any CPU.Build.0 = Release|Any CPU
		{29912B84-E308-4806-9B35-0110852DE352}.Debug|Any CPU.ActiveCfg = Debug|Any CPU
		{29912B84-E308-4806-9B35-0110852DE352}.Debug|Any CPU.Build.0 = Debug|Any CPU
		{29912B84-E308-4806-9B35-0110852DE352}.Release|Any CPU.ActiveCfg = Release|Any CPU
		{29912B84-E308-4806-9B35-0110852DE352}.Release|Any CPU.Build.0 = Release|Any CPU
	EndGlobalSection
	GlobalSection(SolutionProperties) = preSolution
		HideSolutionNode = FALSE
	EndGlobalSection
	GlobalSection(ExtensibilityGlobals) = postSolution
		SolutionGuid = {A0181EBF-F614-4A5A-8D14-8A691F60EF0D}
	EndGlobalSection
EndGlobal
